
Microsoft Visual Studio Solution File, Format Version 12.00
# Visual Studio Version 17
VisualStudioVersion = 17.6.33829.357
MinimumVisualStudioVersion = 10.0.40219.1
Project("{8BC9CEB8-8B4A-11D0-8D11-00A0C91BC942}") = "test1", "test1\test1.vcxproj", "{56EB86E4-71B2-4FCA-A888-5FDFC7E41656}"
EndProject
Project("{8BC9CEB8-8B4A-11D0-8D11-00A0C91BC942}") = "test2", "test2\test2.vcxproj", "{FA07F019-AF62-422E-AEB9-FFD8C32C76A8}"
EndProject
Project("{8BC9CEB8-8B4A-11D0-8D11-00A0C91BC942}") = "test3", "test3\test3.vcxproj", "{C8A3E632-8DD0-4227-83EB-C931876DFC46}"
EndProject
Project("{8BC9CEB8-8B4A-11D0-8D11-00A0C91BC942}") = "test4", "test4\test4.vcxproj", "{B8BFFE07-6B5C-47D2-BA3B-83452CB8A5CE}"
EndProject
Project("{8BC9CEB8-8B4A-11D0-8D11-00A0C91BC942}") = "test5", "test5\test5.vcxproj", "{637F6122-E28A-4081-A208-EA11290973D6}"
EndProject
Project("{8BC9CEB8-8B4A-11D0-8D11-00A0C91BC942}") = "test6", "test6\test6.vcxproj", "{3FD287C9-8CC5-49C5-B659-D64E5F7741B0}"
EndProject
Project("{8BC9CEB8-8B4A-11D0-8D11-00A0C91BC942}") = "test7", "test7\test7.vcxproj", "{E2F86632-9040-4987-9520-5C9F776A406E}"
EndProject
Project("{8BC9CEB8-8B4A-11D0-8D11-00A0C91BC942}") = "test8", "test8\test8.vcxproj", "{54B81084-8092-4A7A-889E-3D3CF421AFC9}"
EndProject
Project("{8BC9CEB8-8B4A-11D0-8D11-00A0C91BC942}") = "test9", "test9\test9.vcxproj", "{EA7B67E6-165E-46F3-AB38-960F5F30C40A}"
EndProject
Project("{8BC9CEB8-8B4A-11D0-8D11-00A0C91BC942}") = "test10", "test10\test10.vcxproj", "{5010D593-47D8-4E8F-A785-2943682D59F3}"
EndProject
Project("{8BC9CEB8-8B4A-11D0-8D11-00A0C91BC942}") = "test11", "test11\test11.vcxproj", "{F74C2737-931A-4C07-AA33-4C34360ADCD8}"
EndProject
Project("{8BC9CEB8-8B4A-11D0-8D11-00A0C91BC942}") = "test12", "test12\test12.vcxproj", "{97E001A2-3AEA-4F7B-85CA-DF35A4500038}"
EndProject
Project("{8BC9CEB8-8B4A-11D0-8D11-00A0C91BC942}") = "test13", "test13\test13.vcxproj", "{995FEEEF-4893-42D7-AA05-0C120071D5C8}"
EndProject
Project("{8BC9CEB8-8B4A-11D0-8D11-00A0C91BC942}") = "test14", "test14\test14.vcxproj", "{0912E502-190A-4C2E-90E5-CE03EE18ECB6}"
EndProject
Project("{8BC9CEB8-8B4A-11D0-8D11-00A0C91BC942}") = "test15", "test15\test15.vcxproj", "{F1B8C8D5-ABAF-4EE9-ADF6-E707E7CDEBAE}"
EndProject
Project("{8BC9CEB8-8B4A-11D0-8D11-00A0C91BC942}") = "test16", "test16\test16.vcxproj", "{E1312493-07EC-4520-A7DF-DF1F003CC229}"
EndProject
Project("{8BC9CEB8-8B4A-11D0-8D11-00A0C91BC942}") = "test17", "test17\test17.vcxproj", "{4F833BB6-7555-4C9B-ACAE-3E4C4AB4274A}"
EndProject
Project("{8BC9CEB8-8B4A-11D0-8D11-00A0C91BC942}") = "test18", "test18\test18.vcxproj", "{F0B787E3-1D9C-4AA6-BCE5-DECF5A799AD3}"
EndProject
Project("{8BC9CEB8-8B4A-11D0-8D11-00A0C91BC942}") = "test19", "test19\test19.vcxproj", "{FF83A7FC-6785-4D8D-B5DF-B791EE8F8825}"
EndProject
Project("{8BC9CEB8-8B4A-11D0-8D11-00A0C91BC942}") = "test20", "test20\test20.vcxproj", "{8B5D71D0-933A-4FE4-9DE0-4F656C42D994}"
EndProject
Project("{8BC9CEB8-8B4A-11D0-8D11-00A0C91BC942}") = "test21", "test21\test21.vcxproj", "{87EF3DEE-B6DA-45E6-86F1-662FB0C6F85F}"
EndProject
Project("{8BC9CEB8-8B4A-11D0-8D11-00A0C91BC942}") = "test22", "test22\test22.vcxproj", "{EA56E516-61E0-483C-9012-1BECD7E633CA}"
EndProject
Project("{8BC9CEB8-8B4A-11D0-8D11-00A0C91BC942}") = "test23", "test23\test23.vcxproj", "{5EEC5A08-39A6-415A-A93A-EDC94EB7BF51}"
EndProject
Project("{8BC9CEB8-8B4A-11D0-8D11-00A0C91BC942}") = "test24", "test24\test24.vcxproj", "{0AAF32DB-4C7D-46A2-9102-81B971B9D133}"
EndProject
Global
	GlobalSection(SolutionConfigurationPlatforms) = preSolution
		Debug|x64 = Debug|x64
		Debug|x86 = Debug|x86
		Release|x64 = Release|x64
		Release|x86 = Release|x86
	EndGlobalSection
	GlobalSection(ProjectConfigurationPlatforms) = postSolution
		{56EB86E4-71B2-4FCA-A888-5FDFC7E41656}.Debug|x64.ActiveCfg = Debug|x64
		{56EB86E4-71B2-4FCA-A888-5FDFC7E41656}.Debug|x64.Build.0 = Debug|x64
		{56EB86E4-71B2-4FCA-A888-5FDFC7E41656}.Debug|x86.ActiveCfg = Debug|Win32
		{56EB86E4-71B2-4FCA-A888-5FDFC7E41656}.Debug|x86.Build.0 = Debug|Win32
		{56EB86E4-71B2-4FCA-A888-5FDFC7E41656}.Release|x64.ActiveCfg = Release|x64
		{56EB86E4-71B2-4FCA-A888-5FDFC7E41656}.Release|x64.Build.0 = Release|x64
		{56EB86E4-71B2-4FCA-A888-5FDFC7E41656}.Release|x86.ActiveCfg = Release|Win32
		{56EB86E4-71B2-4FCA-A888-5FDFC7E41656}.Release|x86.Build.0 = Release|Win32
		{FA07F019-AF62-422E-AEB9-FFD8C32C76A8}.Debug|x64.ActiveCfg = Debug|x64
		{FA07F019-AF62-422E-AEB9-FFD8C32C76A8}.Debug|x64.Build.0 = Debug|x64
		{FA07F019-AF62-422E-AEB9-FFD8C32C76A8}.Debug|x86.ActiveCfg = Debug|Win32
		{FA07F019-AF62-422E-AEB9-FFD8C32C76A8}.Debug|x86.Build.0 = Debug|Win32
		{FA07F019-AF62-422E-AEB9-FFD8C32C76A8}.Release|x64.ActiveCfg = Release|x64
		{FA07F019-AF62-422E-AEB9-FFD8C32C76A8}.Release|x64.Build.0 = Release|x64
		{FA07F019-AF62-422E-AEB9-FFD8C32C76A8}.Release|x86.ActiveCfg = Release|Win32
		{FA07F019-AF62-422E-AEB9-FFD8C32C76A8}.Release|x86.Build.0 = Release|Win32
		{C8A3E632-8DD0-4227-83EB-C931876DFC46}.Debug|x64.ActiveCfg = Debug|x64
		{C8A3E632-8DD0-4227-83EB-C931876DFC46}.Debug|x64.Build.0 = Debug|x64
		{C8A3E632-8DD0-4227-83EB-C931876DFC46}.Debug|x86.ActiveCfg = Debug|Win32
		{C8A3E632-8DD0-4227-83EB-C931876DFC46}.Debug|x86.Build.0 = Debug|Win32
		{C8A3E632-8DD0-4227-83EB-C931876DFC46}.Release|x64.ActiveCfg = Release|x64
		{C8A3E632-8DD0-4227-83EB-C931876DFC46}.Release|x64.Build.0 = Release|x64
		{C8A3E632-8DD0-4227-83EB-C931876DFC46}.Release|x86.ActiveCfg = Release|Win32
		{C8A3E632-8DD0-4227-83EB-C931876DFC46}.Release|x86.Build.0 = Release|Win32
		{B8BFFE07-6B5C-47D2-BA3B-83452CB8A5CE}.Debug|x64.ActiveCfg = Debug|x64
		{B8BFFE07-6B5C-47D2-BA3B-83452CB8A5CE}.Debug|x64.Build.0 = Debug|x64
		{B8BFFE07-6B5C-47D2-BA3B-83452CB8A5CE}.Debug|x86.ActiveCfg = Debug|Win32
		{B8BFFE07-6B5C-47D2-BA3B-83452CB8A5CE}.Debug|x86.Build.0 = Debug|Win32
		{B8BFFE07-6B5C-47D2-BA3B-83452CB8A5CE}.Release|x64.ActiveCfg = Release|x64
		{B8BFFE07-6B5C-47D2-BA3B-83452CB8A5CE}.Release|x64.Build.0 = Release|x64
		{B8BFFE07-6B5C-47D2-BA3B-83452CB8A5CE}.Release|x86.ActiveCfg = Release|Win32
		{B8BFFE07-6B5C-47D2-BA3B-83452CB8A5CE}.Release|x86.Build.0 = Release|Win32
		{637F6122-E28A-4081-A208-EA11290973D6}.Debug|x64.ActiveCfg = Debug|x64
		{637F6122-E28A-4081-A208-EA11290973D6}.Debug|x64.Build.0 = Debug|x64
		{637F6122-E28A-4081-A208-EA11290973D6}.Debug|x86.ActiveCfg = Debug|Win32
		{637F6122-E28A-4081-A208-EA11290973D6}.Debug|x86.Build.0 = Debug|Win32
		{637F6122-E28A-4081-A208-EA11290973D6}.Release|x64.ActiveCfg = Release|x64
		{637F6122-E28A-4081-A208-EA11290973D6}.Release|x64.Build.0 = Release|x64
		{637F6122-E28A-4081-A208-EA11290973D6}.Release|x86.ActiveCfg = Release|Win32
		{637F6122-E28A-4081-A208-EA11290973D6}.Release|x86.Build.0 = Release|Win32
		{3FD287C9-8CC5-49C5-B659-D64E5F7741B0}.Debug|x64.ActiveCfg = Debug|x64
		{3FD287C9-8CC5-49C5-B659-D64E5F7741B0}.Debug|x64.Build.0 = Debug|x64
		{3FD287C9-8CC5-49C5-B659-D64E5F7741B0}.Debug|x86.ActiveCfg = Debug|Win32
		{3FD287C9-8CC5-49C5-B659-D64E5F7741B0}.Debug|x86.Build.0 = Debug|Win32
		{3FD287C9-8CC5-49C5-B659-D64E5F7741B0}.Release|x64.ActiveCfg = Release|x64
		{3FD287C9-8CC5-49C5-B659-D64E5F7741B0}.Release|x64.Build.0 = Release|x64
		{3FD287C9-8CC5-49C5-B659-D64E5F7741B0}.Release|x86.ActiveCfg = Release|Win32
		{3FD287C9-8CC5-49C5-B659-D64E5F7741B0}.Release|x86.Build.0 = Release|Win32
		{E2F86632-9040-4987-9520-5C9F776A406E}.Debug|x64.ActiveCfg = Debug|x64
		{E2F86632-9040-4987-9520-5C9F776A406E}.Debug|x64.Build.0 = Debug|x64
		{E2F86632-9040-4987-9520-5C9F776A406E}.Debug|x86.ActiveCfg = Debug|Win32
		{E2F86632-9040-4987-9520-5C9F776A406E}.Debug|x86.Build.0 = Debug|Win32
		{E2F86632-9040-4987-9520-5C9F776A406E}.Release|x64.ActiveCfg = Release|x64
		{E2F86632-9040-4987-9520-5C9F776A406E}.Release|x64.Build.0 = Release|x64
		{E2F86632-9040-4987-9520-5C9F776A406E}.Release|x86.ActiveCfg = Release|Win32
		{E2F86632-9040-4987-9520-5C9F776A406E}.Release|x86.Build.0 = Release|Win32
		{54B81084-8092-4A7A-889E-3D3CF421AFC9}.Debug|x64.ActiveCfg = Debug|x64
		{54B81084-8092-4A7A-889E-3D3CF421AFC9}.Debug|x64.Build.0 = Debug|x64
		{54B81084-8092-4A7A-889E-3D3CF421AFC9}.Debug|x86.ActiveCfg = Debug|Win32
		{54B81084-8092-4A7A-889E-3D3CF421AFC9}.Debug|x86.Build.0 = Debug|Win32
		{54B81084-8092-4A7A-889E-3D3CF421AFC9}.Release|x64.ActiveCfg = Release|x64
		{54B81084-8092-4A7A-889E-3D3CF421AFC9}.Release|x64.Build.0 = Release|x64
		{54B81084-8092-4A7A-889E-3D3CF421AFC9}.Release|x86.ActiveCfg = Release|Win32
		{54B81084-8092-4A7A-889E-3D3CF421AFC9}.Release|x86.Build.0 = Release|Win32
		{EA7B67E6-165E-46F3-AB38-960F5F30C40A}.Debug|x64.ActiveCfg = Debug|x64
		{EA7B67E6-165E-46F3-AB38-960F5F30C40A}.Debug|x64.Build.0 = Debug|x64
		{EA7B67E6-165E-46F3-AB38-960F5F30C40A}.Debug|x86.ActiveCfg = Debug|Win32
		{EA7B67E6-165E-46F3-AB38-960F5F30C40A}.Debug|x86.Build.0 = Debug|Win32
		{EA7B67E6-165E-46F3-AB38-960F5F30C40A}.Release|x64.ActiveCfg = Release|x64
		{EA7B67E6-165E-46F3-AB38-960F5F30C40A}.Release|x64.Build.0 = Release|x64
		{EA7B67E6-165E-46F3-AB38-960F5F30C40A}.Release|x86.ActiveCfg = Release|Win32
		{EA7B67E6-165E-46F3-AB38-960F5F30C40A}.Release|x86.Build.0 = Release|Win32
		{5010D593-47D8-4E8F-A785-2943682D59F3}.Debug|x64.ActiveCfg = Debug|x64
		{5010D593-47D8-4E8F-A785-2943682D59F3}.Debug|x64.Build.0 = Debug|x64
		{5010D593-47D8-4E8F-A785-2943682D59F3}.Debug|x86.ActiveCfg = Debug|Win32
		{5010D593-47D8-4E8F-A785-2943682D59F3}.Debug|x86.Build.0 = Debug|Win32
		{5010D593-47D8-4E8F-A785-2943682D59F3}.Release|x64.ActiveCfg = Release|x64
		{5010D593-47D8-4E8F-A785-2943682D59F3}.Release|x64.Build.0 = Release|x64
		{5010D593-47D8-4E8F-A785-2943682D59F3}.Release|x86.ActiveCfg = Release|Win32
		{5010D593-47D8-4E8F-A785-2943682D59F3}.Release|x86.Build.0 = Release|Win32
		{F74C2737-931A-4C07-AA33-4C34360ADCD8}.Debug|x64.ActiveCfg = Debug|x64
		{F74C2737-931A-4C07-AA33-4C34360ADCD8}.Debug|x64.Build.0 = Debug|x64
		{F74C2737-931A-4C07-AA33-4C34360ADCD8}.Debug|x86.ActiveCfg = Debug|Win32
		{F74C2737-931A-4C07-AA33-4C34360ADCD8}.Debug|x86.Build.0 = Debug|Win32
		{F74C2737-931A-4C07-AA33-4C34360ADCD8}.Release|x64.ActiveCfg = Release|x64
		{F74C2737-931A-4C07-AA33-4C34360ADCD8}.Release|x64.Build.0 = Release|x64
		{F74C2737-931A-4C07-AA33-4C34360ADCD8}.Release|x86.ActiveCfg = Release|Win32
		{F74C2737-931A-4C07-AA33-4C34360ADCD8}.Release|x86.Build.0 = Release|Win32
		{97E001A2-3AEA-4F7B-85CA-DF35A4500038}.Debug|x64.ActiveCfg = Debug|x64
		{97E001A2-3AEA-4F7B-85CA-DF35A4500038}.Debug|x64.Build.0 = Debug|x64
		{97E001A2-3AEA-4F7B-85CA-DF35A4500038}.Debug|x86.ActiveCfg = Debug|Win32
		{97E001A2-3AEA-4F7B-85CA-DF35A4500038}.Debug|x86.Build.0 = Debug|Win32
		{97E001A2-3AEA-4F7B-85CA-DF35A4500038}.Release|x64.ActiveCfg = Release|x64
		{97E001A2-3AEA-4F7B-85CA-DF35A4500038}.Release|x64.Build.0 = Release|x64
		{97E001A2-3AEA-4F7B-85CA-DF35A4500038}.Release|x86.ActiveCfg = Release|Win32
		{97E001A2-3AEA-4F7B-85CA-DF35A4500038}.Release|x86.Build.0 = Release|Win32
		{995FEEEF-4893-42D7-AA05-0C120071D5C8}.Debug|x64.ActiveCfg = Debug|x64
		{995FEEEF-4893-42D7-AA05-0C120071D5C8}.Debug|x64.Build.0 = Debug|x64
		{995FEEEF-4893-42D7-AA05-0C120071D5C8}.Debug|x86.ActiveCfg = Debug|Win32
		{995FEEEF-4893-42D7-AA05-0C120071D5C8}.Debug|x86.Build.0 = Debug|Win32
		{995FEEEF-4893-42D7-AA05-0C120071D5C8}.Release|x64.ActiveCfg = Release|x64
		{995FEEEF-4893-42D7-AA05-0C120071D5C8}.Release|x64.Build.0 = Release|x64
		{995FEEEF-4893-42D7-AA05-0C120071D5C8}.Release|x86.ActiveCfg = Release|Win32
		{995FEEEF-4893-42D7-AA05-0C120071D5C8}.Release|x86.Build.0 = Release|Win32
		{0912E502-190A-4C2E-90E5-CE03EE18ECB6}.Debug|x64.ActiveCfg = Debug|x64
		{0912E502-190A-4C2E-90E5-CE03EE18ECB6}.Debug|x64.Build.0 = Debug|x64
		{0912E502-190A-4C2E-90E5-CE03EE18ECB6}.Debug|x86.ActiveCfg = Debug|Win32
		{0912E502-190A-4C2E-90E5-CE03EE18ECB6}.Debug|x86.Build.0 = Debug|Win32
		{0912E502-190A-4C2E-90E5-CE03EE18ECB6}.Release|x64.ActiveCfg = Release|x64
		{0912E502-190A-4C2E-90E5-CE03EE18ECB6}.Release|x64.Build.0 = Release|x64
		{0912E502-190A-4C2E-90E5-CE03EE18ECB6}.Release|x86.ActiveCfg = Release|Win32
		{0912E502-190A-4C2E-90E5-CE03EE18ECB6}.Release|x86.Build.0 = Release|Win32
		{F1B8C8D5-ABAF-4EE9-ADF6-E707E7CDEBAE}.Debug|x64.ActiveCfg = Debug|x64
		{F1B8C8D5-ABAF-4EE9-ADF6-E707E7CDEBAE}.Debug|x64.Build.0 = Debug|x64
		{F1B8C8D5-ABAF-4EE9-ADF6-E707E7CDEBAE}.Debug|x86.ActiveCfg = Debug|Win32
		{F1B8C8D5-ABAF-4EE9-ADF6-E707E7CDEBAE}.Debug|x86.Build.0 = Debug|Win32
		{F1B8C8D5-ABAF-4EE9-ADF6-E707E7CDEBAE}.Release|x64.ActiveCfg = Release|x64
		{F1B8C8D5-ABAF-4EE9-ADF6-E707E7CDEBAE}.Release|x64.Build.0 = Release|x64
		{F1B8C8D5-ABAF-4EE9-ADF6-E707E7CDEBAE}.Release|x86.ActiveCfg = Release|Win32
		{F1B8C8D5-ABAF-4EE9-ADF6-E707E7CDEBAE}.Release|x86.Build.0 = Release|Win32
		{E1312493-07EC-4520-A7DF-DF1F003CC229}.Debug|x64.ActiveCfg = Debug|x64
		{E1312493-07EC-4520-A7DF-DF1F003CC229}.Debug|x64.Build.0 = Debug|x64
		{E1312493-07EC-4520-A7DF-DF1F003CC229}.Debug|x86.ActiveCfg = Debug|Win32
		{E1312493-07EC-4520-A7DF-DF1F003CC229}.Debug|x86.Build.0 = Debug|Win32
		{E1312493-07EC-4520-A7DF-DF1F003CC229}.Release|x64.ActiveCfg = Release|x64
		{E1312493-07EC-4520-A7DF-DF1F003CC229}.Release|x64.Build.0 = Release|x64
		{E1312493-07EC-4520-A7DF-DF1F003CC229}.Release|x86.ActiveCfg = Release|Win32
		{E1312493-07EC-4520-A7DF-DF1F003CC229}.Release|x86.Build.0 = Release|Win32
		{4F833BB6-7555-4C9B-ACAE-3E4C4AB4274A}.Debug|x64.ActiveCfg = Debug|x64
		{4F833BB6-7555-4C9B-ACAE-3E4C4AB4274A}.Debug|x64.Build.0 = Debug|x64
		{4F833BB6-7555-4C9B-ACAE-3E4C4AB4274A}.Debug|x86.ActiveCfg = Debug|Win32
		{4F833BB6-7555-4C9B-ACAE-3E4C4AB4274A}.Debug|x86.Build.0 = Debug|Win32
		{4F833BB6-7555-4C9B-ACAE-3E4C4AB4274A}.Release|x64.ActiveCfg = Release|x64
		{4F833BB6-7555-4C9B-ACAE-3E4C4AB4274A}.Release|x64.Build.0 = Release|x64
		{4F833BB6-7555-4C9B-ACAE-3E4C4AB4274A}.Release|x86.ActiveCfg = Release|Win32
		{4F833BB6-7555-4C9B-ACAE-3E4C4AB4274A}.Release|x86.Build.0 = Release|Win32
		{F0B787E3-1D9C-4AA6-BCE5-DECF5A799AD3}.Debug|x64.ActiveCfg = Debug|x64
		{F0B787E3-1D9C-4AA6-BCE5-DECF5A799AD3}.Debug|x64.Build.0 = Debug|x64
		{F0B787E3-1D9C-4AA6-BCE5-DECF5A799AD3}.Debug|x86.ActiveCfg = Debug|Win32
		{F0B787E3-1D9C-4AA6-BCE5-DECF5A799AD3}.Debug|x86.Build.0 = Debug|Win32
		{F0B787E3-1D9C-4AA6-BCE5-DECF5A799AD3}.Release|x64.ActiveCfg = Release|x64
		{F0B787E3-1D9C-4AA6-BCE5-DECF5A799AD3}.Release|x64.Build.0 = Release|x64
		{F0B787E3-1D9C-4AA6-BCE5-DECF5A799AD3}.Release|x86.ActiveCfg = Release|Win32
		{F0B787E3-1D9C-4AA6-BCE5-DECF5A799AD3}.Release|x86.Build.0 = Release|Win32
		{FF83A7FC-6785-4D8D-B5DF-B791EE8F8825}.Debug|x64.ActiveCfg = Debug|x64
		{FF83A7FC-6785-4D8D-B5DF-B791EE8F8825}.Debug|x64.Build.0 = Debug|x64
		{FF83A7FC-6785-4D8D-B5DF-B791EE8F8825}.Debug|x86.ActiveCfg = Debug|Win32
		{FF83A7FC-6785-4D8D-B5DF-B791EE8F8825}.Debug|x86.Build.0 = Debug|Win32
		{FF83A7FC-6785-4D8D-B5DF-B791EE8F8825}.Release|x64.ActiveCfg = Release|x64
		{FF83A7FC-6785-4D8D-B5DF-B791EE8F8825}.Release|x64.Build.0 = Release|x64
		{FF83A7FC-6785-4D8D-B5DF-B791EE8F8825}.Release|x86.ActiveCfg = Release|Win32
		{FF83A7FC-6785-4D8D-B5DF-B791EE8F8825}.Release|x86.Build.0 = Release|Win32
		{8B5D71D0-933A-4FE4-9DE0-4F656C42D994}.Debug|x64.ActiveCfg = Debug|x64
		{8B5D71D0-933A-4FE4-9DE0-4F656C42D994}.Debug|x64.Build.0 = Debug|x64
		{8B5D71D0-933A-4FE4-9DE0-4F656C42D994}.Debug|x86.ActiveCfg = Debug|Win32
		{8B5D71D0-933A-4FE4-9DE0-4F656C42D994}.Debug|x86.Build.0 = Debug|Win32
		{8B5D71D0-933A-4FE4-9DE0-4F656C42D994}.Release|x64.ActiveCfg = Release|x64
		{8B5D71D0-933A-4FE4-9DE0-4F656C42D994}.Release|x64.Build.0 = Release|x64
		{8B5D71D0-933A-4FE4-9DE0-4F656C42D994}.Release|x86.ActiveCfg = Release|Win32
		{8B5D71D0-933A-4FE4-9DE0-4F656C42D994}.Release|x86.Build.0 = Release|Win32
		{87EF3DEE-B6DA-45E6-86F1-662FB0C6F85F}.Debug|x64.ActiveCfg = Debug|x64
		{87EF3DEE-B6DA-45E6-86F1-662FB0C6F85F}.Debug|x64.Build.0 = Debug|x64
		{87EF3DEE-B6DA-45E6-86F1-662FB0C6F85F}.Debug|x86.ActiveCfg = Debug|Win32
		{87EF3DEE-B6DA-45E6-86F1-662FB0C6F85F}.Debug|x86.Build.0 = Debug|Win32
		{87EF3DEE-B6DA-45E6-86F1-662FB0C6F85F}.Release|x64.ActiveCfg = Release|x64
		{87EF3DEE-B6DA-45E6-86F1-662FB0C6F85F}.Release|x64.Build.0 = Release|x64
		{87EF3DEE-B6DA-45E6-86F1-662FB0C6F85F}.Release|x86.ActiveCfg = Release|Win32
		{87EF3DEE-B6DA-45E6-86F1-662FB0C6F85F}.Release|x86.Build.0 = Release|Win32
		{EA56E516-61E0-483C-9012-1BECD7E633CA}.Debug|x64.ActiveCfg = Debug|x64
		{EA56E516-61E0-483C-9012-1BECD7E633CA}.Debug|x64.Build.0 = Debug|x64
		{EA56E516-61E0-483C-9012-1BECD7E633CA}.Debug|x86.ActiveCfg = Debug|Win32
		{EA56E516-61E0-483C-9012-1BECD7E633CA}.Debug|x86.Build.0 = Debug|Win32
		{EA56E516-61E0-483C-9012-1BECD7E633CA}.Release|x64.ActiveCfg = Release|x64
		{EA56E516-61E0-483C-9012-1BECD7E633CA}.Release|x64.Build.0 = Release|x64
		{EA56E516-61E0-483C-9012-1BECD7E633CA}.Release|x86.ActiveCfg = Release|Win32
		{EA56E516-61E0-483C-9012-1BECD7E633CA}.Release|x86.Build.0 = Release|Win32
		{5EEC5A08-39A6-415A-A93A-EDC94EB7BF51}.Debug|x64.ActiveCfg = Debug|x64
		{5EEC5A08-39A6-415A-A93A-EDC94EB7BF51}.Debug|x64.Build.0 = Debug|x64
		{5EEC5A08-39A6-415A-A93A-EDC94EB7BF51}.Debug|x86.ActiveCfg = Debug|Win32
		{5EEC5A08-39A6-415A-A93A-EDC94EB7BF51}.Debug|x86.Build.0 = Debug|Win32
		{5EEC5A08-39A6-415A-A93A-EDC94EB7BF51}.Release|x64.ActiveCfg = Release|x64
		{5EEC5A08-39A6-415A-A93A-EDC94EB7BF51}.Release|x64.Build.0 = Release|x64
		{5EEC5A08-39A6-415A-A93A-EDC94EB7BF51}.Release|x86.ActiveCfg = Release|Win32
		{5EEC5A08-39A6-415A-A93A-EDC94EB7BF51}.Release|x86.Build.0 = Release|Win32
		{0AAF32DB-4C7D-46A2-9102-81B971B9D133}.Debug|x64.ActiveCfg = Debug|x64
		{0AAF32DB-4C7D-46A2-9102-81B971B9D133}.Debug|x64.Build.0 = Debug|x64
		{0AAF32DB-4C7D-46A2-9102-81B971B9D133}.Debug|x86.ActiveCfg = Debug|Win32
		{0AAF32DB-4C7D-46A2-9102-81B971B9D133}.Debug|x86.Build.0 = Debug|Win32
		{0AAF32DB-4C7D-46A2-9102-81B971B9D133}.Release|x64.ActiveCfg = Release|x64
		{0AAF32DB-4C7D-46A2-9102-81B971B9D133}.Release|x64.Build.0 = Release|x64
		{0AAF32DB-4C7D-46A2-9102-81B971B9D133}.Release|x86.ActiveCfg = Release|Win32
		{0AAF32DB-4C7D-46A2-9102-81B971B9D133}.Release|x86.Build.0 = Release|Win32
	EndGlobalSection
	GlobalSection(SolutionProperties) = preSolution
		HideSolutionNode = FALSE
	EndGlobalSection
	GlobalSection(ExtensibilityGlobals) = postSolution
		SolutionGuid = {197C0B91-3C3E-45A1-ABBF-766BF2F6743A}
	EndGlobalSection
EndGlobal
